
Microsoft Visual Studio Solution File, Format Version 12.00
# Visual Studio Version 17
VisualStudioVersion = 17.9.34723.18
MinimumVisualStudioVersion = 10.0.40219.1
Project("{FAE04EC0-301F-11D3-BF4B-00C04F79EFBC}") = "BasicUseOfVariables", "BasicUseOfVariables\BasicUseOfVariables.csproj", "{01D1BDEA-C1B2-4F03-9EAA-D629916686AE}"
EndProject
Global
	GlobalSection(SolutionConfigurationPlatforms) = preSolution
		Debug|Any CPU = Debug|Any CPU
		Release|Any CPU = Release|Any CPU
	EndGlobalSection
	GlobalSection(ProjectConfigurationPlatforms) = postSolution
		{01D1BDEA-C1B2-4F03-9EAA-D629916686AE}.Debug|Any CPU.ActiveCfg = Debug|Any CPU
		{01D1BDEA-C1B2-4F03-9EAA-D629916686AE}.Debug|Any CPU.Build.0 = Debug|Any CPU
		{01D1BDEA-C1B2-4F03-9EAA-D629916686AE}.Release|Any CPU.ActiveCfg = Release|Any CPU
		{01D1BDEA-C1B2-4F03-9EAA-D629916686AE}.Release|Any CPU.Build.0 = Release|Any CPU
	EndGlobalSection
	GlobalSection(SolutionProperties) = preSolution
		HideSolutionNode = FALSE
	EndGlobalSection
	GlobalSection(ExtensibilityGlobals) = postSolution
		SolutionGuid = {F1BF7E2D-9329-4F39-AF05-ED2EE2E90F01}
	EndGlobalSection
EndGlobal
